
Microsoft Visual Studio Solution File, Format Version 12.00
# Visual Studio Version 16
VisualStudioVersion = 16.0.30309.148
MinimumVisualStudioVersion = 10.0.40219.1
Project("{FAE04EC0-301F-11D3-BF4B-00C04F79EFBC}") = "CowdersPictures", "CowdersPictures\CowdersPictures.csproj", "{39632C2C-63F1-42E6-BCA1-A019EB323AB1}"
EndProject
Global
	GlobalSection(SolutionConfigurationPlatforms) = preSolution
		Debug|Any CPU = Debug|Any CPU
		Release|Any CPU = Release|Any CPU
	EndGlobalSection
	GlobalSection(ProjectConfigurationPlatforms) = postSolution
		{39632C2C-63F1-42E6-BCA1-A019EB323AB1}.Debug|Any CPU.ActiveCfg = Debug|Any CPU
		{39632C2C-63F1-42E6-BCA1-A019EB323AB1}.Debug|Any CPU.Build.0 = Debug|Any CPU
		{39632C2C-63F1-42E6-BCA1-A019EB323AB1}.Release|Any CPU.ActiveCfg = Release|Any CPU
		{39632C2C-63F1-42E6-BCA1-A019EB323AB1}.Release|Any CPU.Build.0 = Release|Any CPU
	EndGlobalSection
	GlobalSection(SolutionProperties) = preSolution
		HideSolutionNode = FALSE
	EndGlobalSection
	GlobalSection(ExtensibilityGlobals) = postSolution
		SolutionGuid = {B3C53071-1A37-426E-8C18-E3A943D763C8}
	EndGlobalSection
EndGlobal
